
Microsoft Visual Studio Solution File, Format Version 12.00
# Visual Studio Version 16
VisualStudioVersion = 16.0.31829.152
MinimumVisualStudioVersion = 10.0.40219.1
Project("{8BC9CEB8-8B4A-11D0-8D11-00A0C91BC942}") = "MFC_om", "MFC_om.vcxproj", "{4017B03F-A6CC-4D80-8707-643C0375ACF3}"
EndProject
Global
	GlobalSection(SolutionConfigurationPlatforms) = preSolution
		Debug|x64 = Debug|x64
		Debug|x86 = Debug|x86
		Release|x64 = Release|x64
		Release|x86 = Release|x86
	EndGlobalSection
	GlobalSection(ProjectConfigurationPlatforms) = postSolution
		{4017B03F-A6CC-4D80-8707-643C0375ACF3}.Debug|x64.ActiveCfg = Debug|x64
		{4017B03F-A6CC-4D80-8707-643C0375ACF3}.Debug|x64.Build.0 = Debug|x64
		{4017B03F-A6CC-4D80-8707-643C0375ACF3}.Debug|x86.ActiveCfg = Debug|Win32
		{4017B03F-A6CC-4D80-8707-643C0375ACF3}.Debug|x86.Build.0 = Debug|Win32
		{4017B03F-A6CC-4D80-8707-643C0375ACF3}.Release|x64.ActiveCfg = Release|x64
		{4017B03F-A6CC-4D80-8707-643C0375ACF3}.Release|x64.Build.0 = Release|x64
		{4017B03F-A6CC-4D80-8707-643C0375ACF3}.Release|x86.ActiveCfg = Release|Win32
		{4017B03F-A6CC-4D80-8707-643C0375ACF3}.Release|x86.Build.0 = Release|Win32
	EndGlobalSection
	GlobalSection(SolutionProperties) = preSolution
		HideSolutionNode = FALSE
	EndGlobalSection
	GlobalSection(ExtensibilityGlobals) = postSolution
		SolutionGuid = {455380D1-B904-44FE-A0EF-A3AE08E3FE7C}
	EndGlobalSection
EndGlobal
